
Microsoft Visual Studio Solution File, Format Version 12.00
# Visual Studio Version 17
VisualStudioVersion = 17.6.33815.320
MinimumVisualStudioVersion = 10.0.40219.1
Project("{8BC9CEB8-8B4A-11D0-8D11-00A0C91BC942}") = "First_Banc", "First_Banc\First_Banc.vcxproj", "{AEC69710-1270-40C1-9E6C-E435B20D376B}"
EndProject
Global
	GlobalSection(SolutionConfigurationPlatforms) = preSolution
		Debug|x64 = Debug|x64
		Debug|x86 = Debug|x86
		Release|x64 = Release|x64
		Release|x86 = Release|x86
	EndGlobalSection
	GlobalSection(ProjectConfigurationPlatforms) = postSolution
		{AEC69710-1270-40C1-9E6C-E435B20D376B}.Debug|x64.ActiveCfg = Debug|x64
		{AEC69710-1270-40C1-9E6C-E435B20D376B}.Debug|x64.Build.0 = Debug|x64
		{AEC69710-1270-40C1-9E6C-E435B20D376B}.Debug|x86.ActiveCfg = Debug|Win32
		{AEC69710-1270-40C1-9E6C-E435B20D376B}.Debug|x86.Build.0 = Debug|Win32
		{AEC69710-1270-40C1-9E6C-E435B20D376B}.Release|x64.ActiveCfg = Release|x64
		{AEC69710-1270-40C1-9E6C-E435B20D376B}.Release|x64.Build.0 = Release|x64
		{AEC69710-1270-40C1-9E6C-E435B20D376B}.Release|x86.ActiveCfg = Release|Win32
		{AEC69710-1270-40C1-9E6C-E435B20D376B}.Release|x86.Build.0 = Release|Win32
	EndGlobalSection
	GlobalSection(SolutionProperties) = preSolution
		HideSolutionNode = FALSE
	EndGlobalSection
	GlobalSection(ExtensibilityGlobals) = postSolution
		SolutionGuid = {9122AF79-2C94-46BD-940A-03D0BE408EE1}
	EndGlobalSection
EndGlobal
